// !$*UTF8*$!
{
	archiveVersion = 1;
	classes = {
	};
	objectVersion = 46;
	objects = {

/* Begin PBXBuildFile section */
		66085DBA1DCF3A6D00F3E867 /* RUNAppDelegate.m in Sources */ = {isa = PBXBuildFile; fileRef = 66085DB71DCF3A6D00F3E867 /* RUNAppDelegate.m */; };
		66085DBB1DCF3A6D00F3E867 /* RUNViewController.m in Sources */ = {isa = PBXBuildFile; fileRef = 66085DB91DCF3A6D00F3E867 /* RUNViewController.m */; };
		66085DC31DCF3C0F00F3E867 /* RUNNavigationViewController.m in Sources */ = {isa = PBXBuildFile; fileRef = 66085DC21DCF3C0F00F3E867 /* RUNNavigationViewController.m */; };
		66085DC61DCF3C2500F3E867 /* RUNTabBarViewController.m in Sources */ = {isa = PBXBuildFile; fileRef = 66085DC51DCF3C2500F3E867 /* RUNTabBarViewController.m */; };
		66085E351DD075F500F3E867 /* RUNHomeViewController.m in Sources */ = {isa = PBXBuildFile; fileRef = 66085E341DD075F500F3E867 /* RUNHomeViewController.m */; };
		66085E461DD079F500F3E867 /* RUNAnalazyViewController.m in Sources */ = {isa = PBXBuildFile; fileRef = 66085E451DD079F500F3E867 /* RUNAnalazyViewController.m */; };
		66085E491DD07A0700F3E867 /* RUNUserViewController.m in Sources */ = {isa = PBXBuildFile; fileRef = 66085E481DD07A0700F3E867 /* RUNUserViewController.m */; };
		66085E4C1DD0939200F3E867 /* RUNCircleView.m in Sources */ = {isa = PBXBuildFile; fileRef = 66085E4B1DD0939200F3E867 /* RUNCircleView.m */; };
		66085E501DD0DA1700F3E867 /* RUNTextView.m in Sources */ = {isa = PBXBuildFile; fileRef = 66085E4F1DD0DA1700F3E867 /* RUNTextView.m */; };
		66162D901DD489A6002AEC37 /* YXLBaseChart.m in Sources */ = {isa = PBXBuildFile; fileRef = 66162D871DD489A6002AEC37 /* YXLBaseChart.m */; };
		66162D911DD489A6002AEC37 /* YXLChartsFactory.m in Sources */ = {isa = PBXBuildFile; fileRef = 66162D891DD489A6002AEC37 /* YXLChartsFactory.m */; };
		66162D921DD489A6002AEC37 /* YXLColumChart.m in Sources */ = {isa = PBXBuildFile; fileRef = 66162D8B1DD489A6002AEC37 /* YXLColumChart.m */; };
		66162D931DD489A6002AEC37 /* YXLLineChart.m in Sources */ = {isa = PBXBuildFile; fileRef = 66162D8D1DD489A6002AEC37 /* YXLLineChart.m */; };
		66162D971DD63063002AEC37 /* RUNShareViewController.m in Sources */ = {isa = PBXBuildFile; fileRef = 66162D961DD63063002AEC37 /* RUNShareViewController.m */; };
		66162D9A1DD6309C002AEC37 /* RUNMapViewController.m in Sources */ = {isa = PBXBuildFile; fileRef = 66162D991DD6309C002AEC37 /* RUNMapViewController.m */; };
		66162DA31DD633F6002AEC37 /* RUNFuncViewController.m in Sources */ = {isa = PBXBuildFile; fileRef = 66162DA21DD633F6002AEC37 /* RUNFuncViewController.m */; };
		66162DEE1DD72646002AEC37 /* RUNCalendarViewController.m in Sources */ = {isa = PBXBuildFile; fileRef = 66162DED1DD72646002AEC37 /* RUNCalendarViewController.m */; };
		66162DFC1DD7294C002AEC37 /* RUNTransitionAnimation.m in Sources */ = {isa = PBXBuildFile; fileRef = 66162DFB1DD7294C002AEC37 /* RUNTransitionAnimation.m */; };
		66162DFF1DD82449002AEC37 /* RUNCalendarView.m in Sources */ = {isa = PBXBuildFile; fileRef = 66162DFE1DD82449002AEC37 /* RUNCalendarView.m */; };
		66162E021DD832FD002AEC37 /* RUNCalendarCollectionViewCell.m in Sources */ = {isa = PBXBuildFile; fileRef = 66162E011DD832FD002AEC37 /* RUNCalendarCollectionViewCell.m */; };
		66162E051DD84EC6002AEC37 /* RUNUserHeadView.m in Sources */ = {isa = PBXBuildFile; fileRef = 66162E041DD84EC6002AEC37 /* RUNUserHeadView.m */; };
		66162E081DD87DB5002AEC37 /* RUNButton.m in Sources */ = {isa = PBXBuildFile; fileRef = 66162E071DD87DB5002AEC37 /* RUNButton.m */; };
		66162E0F1DD88DC6002AEC37 /* RUNUserEditViewController.m in Sources */ = {isa = PBXBuildFile; fileRef = 66162E0E1DD88DC6002AEC37 /* RUNUserEditViewController.m */; };
		66162E121DD88DD5002AEC37 /* RUNLockViewController.m in Sources */ = {isa = PBXBuildFile; fileRef = 66162E111DD88DD5002AEC37 /* RUNLockViewController.m */; };
		66162E151DD88DDE002AEC37 /* RUNHistoryViewController.m in Sources */ = {isa = PBXBuildFile; fileRef = 66162E141DD88DDE002AEC37 /* RUNHistoryViewController.m */; };
		66162E181DD88DE8002AEC37 /* RUNSettingViewController.m in Sources */ = {isa = PBXBuildFile; fileRef = 66162E171DD88DE8002AEC37 /* RUNSettingViewController.m */; };
		66162E221DD9B898002AEC37 /* RUNHistoryTableViewCell.m in Sources */ = {isa = PBXBuildFile; fileRef = 66162E201DD9B898002AEC37 /* RUNHistoryTableViewCell.m */; };
		66162E231DD9B898002AEC37 /* RUNHistoryTableViewCell.xib in Resources */ = {isa = PBXBuildFile; fileRef = 66162E211DD9B898002AEC37 /* RUNHistoryTableViewCell.xib */; };
		66162E261DD9BE25002AEC37 /* RUNHistoryMapViewController.m in Sources */ = {isa = PBXBuildFile; fileRef = 66162E251DD9BE25002AEC37 /* RUNHistoryMapViewController.m */; };
		66162E2B1DD9C18C002AEC37 /* RUNSettingTableViewCell.m in Sources */ = {isa = PBXBuildFile; fileRef = 66162E291DD9C18C002AEC37 /* RUNSettingTableViewCell.m */; };
		66162E2C1DD9C18C002AEC37 /* RUNSettingTableViewCell.xib in Resources */ = {isa = PBXBuildFile; fileRef = 66162E2A1DD9C18C002AEC37 /* RUNSettingTableViewCell.xib */; };
		66162E2F1DD9D673002AEC37 /* RUNFAQViewController.m in Sources */ = {isa = PBXBuildFile; fileRef = 66162E2E1DD9D673002AEC37 /* RUNFAQViewController.m */; };
		66162E331DD9D6C5002AEC37 /* RUNFAQTableViewCell.m in Sources */ = {isa = PBXBuildFile; fileRef = 66162E311DD9D6C5002AEC37 /* RUNFAQTableViewCell.m */; };
		66162E341DD9D6C5002AEC37 /* RUNFAQTableViewCell.xib in Resources */ = {isa = PBXBuildFile; fileRef = 66162E321DD9D6C5002AEC37 /* RUNFAQTableViewCell.xib */; };
		66162E371DD9D728002AEC37 /* RUNFeedBackViewController.m in Sources */ = {isa = PBXBuildFile; fileRef = 66162E361DD9D728002AEC37 /* RUNFeedBackViewController.m */; };
		66162E541DDA031D002AEC37 /* RunUserTableViewCell.m in Sources */ = {isa = PBXBuildFile; fileRef = 66162E521DDA031D002AEC37 /* RunUserTableViewCell.m */; };
		66162E551DDA031D002AEC37 /* RunUserTableViewCell.xib in Resources */ = {isa = PBXBuildFile; fileRef = 66162E531DDA031D002AEC37 /* RunUserTableViewCell.xib */; };
		66162E591DDA15A9002AEC37 /* RUNPickViewController.m in Sources */ = {isa = PBXBuildFile; fileRef = 66162E581DDA15A9002AEC37 /* RUNPickViewController.m */; };
		66162E5C1DDA942D002AEC37 /* RUNUserModel.m in Sources */ = {isa = PBXBuildFile; fileRef = 66162E5B1DDA942D002AEC37 /* RUNUserModel.m */; };
		66162E5F1DDB28C5002AEC37 /* RUNChildViewController.m in Sources */ = {isa = PBXBuildFile; fileRef = 66162E5E1DDB28C5002AEC37 /* RUNChildViewController.m */; };
		66162E651DDC6740002AEC37 /* RUNAllDataViewController.m in Sources */ = {isa = PBXBuildFile; fileRef = 66162E641DDC6740002AEC37 /* RUNAllDataViewController.m */; };
		66B17DFC1DCB11CD00AE4C49 /* main.m in Sources */ = {isa = PBXBuildFile; fileRef = 66B17DFB1DCB11CD00AE4C49 /* main.m */; };
		66B17E051DCB11CD00AE4C49 /* Main.storyboard in Resources */ = {isa = PBXBuildFile; fileRef = 66B17E031DCB11CD00AE4C49 /* Main.storyboard */; };
		66B17E071DCB11CD00AE4C49 /* Assets.xcassets in Resources */ = {isa = PBXBuildFile; fileRef = 66B17E061DCB11CD00AE4C49 /* Assets.xcassets */; };
		66B17E0A1DCB11CD00AE4C49 /* LaunchScreen.storyboard in Resources */ = {isa = PBXBuildFile; fileRef = 66B17E081DCB11CD00AE4C49 /* LaunchScreen.storyboard */; };
		66B17E151DCB11CD00AE4C49 /* RunAppTests.m in Sources */ = {isa = PBXBuildFile; fileRef = 66B17E141DCB11CD00AE4C49 /* RunAppTests.m */; };
		66B17E201DCB11CD00AE4C49 /* RunAppUITests.m in Sources */ = {isa = PBXBuildFile; fileRef = 66B17E1F1DCB11CD00AE4C49 /* RunAppUITests.m */; };
		66B17E301DCB11EC00AE4C49 /* HealthKit.framework in Frameworks */ = {isa = PBXBuildFile; fileRef = 66B17E2F1DCB11EC00AE4C49 /* HealthKit.framework */; };
		F5D304D459C13C777157AED5 /* Pods_RunApp.framework in Frameworks */ = {isa = PBXBuildFile; fileRef = EF3E40822659E5F42A1D5E2C /* Pods_RunApp.framework */; };
/* End PBXBuildFile section */

/* Begin PBXContainerItemProxy section */
		66B17E111DCB11CD00AE4C49 /* PBXContainerItemProxy */ = {
			isa = PBXContainerItemProxy;
			containerPortal = 66B17DEF1DCB11CD00AE4C49 /* Project object */;
			proxyType = 1;
			remoteGlobalIDString = 66B17DF61DCB11CD00AE4C49;
			remoteInfo = RunApp;
		};
		66B17E1C1DCB11CD00AE4C49 /* PBXContainerItemProxy */ = {
			isa = PBXContainerItemProxy;
			containerPortal = 66B17DEF1DCB11CD00AE4C49 /* Project object */;
			proxyType = 1;
			remoteGlobalIDString = 66B17DF61DCB11CD00AE4C49;
			remoteInfo = RunApp;
		};
/* End PBXContainerItemProxy section */

/* Begin PBXFileReference section */
		1E338C058CE596B899BF95FF /* Pods-RunApp.debug.xcconfig */ = {isa = PBXFileReference; includeInIndex = 1; lastKnownFileType = text.xcconfig; name = "Pods-RunApp.debug.xcconfig"; path = "Pods/Target Support Files/Pods-RunApp/Pods-RunApp.debug.xcconfig"; sourceTree = "<group>"; };
		66085DB61DCF3A6D00F3E867 /* RUNAppDelegate.h */ = {isa = PBXFileReference; fileEncoding = 4; lastKnownFileType = sourcecode.c.h; path = RUNAppDelegate.h; sourceTree = "<group>"; };
		66085DB71DCF3A6D00F3E867 /* RUNAppDelegate.m */ = {isa = PBXFileReference; fileEncoding = 4; lastKnownFileType = sourcecode.c.objc; path = RUNAppDelegate.m; sourceTree = "<group>"; };
		66085DB81DCF3A6D00F3E867 /* RUNViewController.h */ = {isa = PBXFileReference; fileEncoding = 4; lastKnownFileType = sourcecode.c.h; path = RUNViewController.h; sourceTree = "<group>"; };
		66085DB91DCF3A6D00F3E867 /* RUNViewController.m */ = {isa = PBXFileReference; fileEncoding = 4; lastKnownFileType = sourcecode.c.objc; path = RUNViewController.m; sourceTree = "<group>"; };
		66085DC11DCF3C0F00F3E867 /* RUNNavigationViewController.h */ = {isa = PBXFileReference; fileEncoding = 4; lastKnownFileType = sourcecode.c.h; path = RUNNavigationViewController.h; sourceTree = "<group>"; };
		66085DC21DCF3C0F00F3E867 /* RUNNavigationViewController.m */ = {isa = PBXFileReference; fileEncoding = 4; lastKnownFileType = sourcecode.c.objc; path = RUNNavigationViewController.m; sourceTree = "<group>"; };
		66085DC41DCF3C2500F3E867 /* RUNTabBarViewController.h */ = {isa = PBXFileReference; fileEncoding = 4; lastKnownFileType = sourcecode.c.h; path = RUNTabBarViewController.h; sourceTree = "<group>"; };
		66085DC51DCF3C2500F3E867 /* RUNTabBarViewController.m */ = {isa = PBXFileReference; fileEncoding = 4; lastKnownFileType = sourcecode.c.objc; path = RUNTabBarViewController.m; sourceTree = "<group>"; };
		66085E331DD075F500F3E867 /* RUNHomeViewController.h */ = {isa = PBXFileReference; fileEncoding = 4; lastKnownFileType = sourcecode.c.h; path = RUNHomeViewController.h; sourceTree = "<group>"; };
		66085E341DD075F500F3E867 /* RUNHomeViewController.m */ = {isa = PBXFileReference; fileEncoding = 4; lastKnownFileType = sourcecode.c.objc; path = RUNHomeViewController.m; sourceTree = "<group>"; };
		66085E441DD079F500F3E867 /* RUNAnalazyViewController.h */ = {isa = PBXFileReference; fileEncoding = 4; lastKnownFileType = sourcecode.c.h; path = RUNAnalazyViewController.h; sourceTree = "<group>"; };
		66085E451DD079F500F3E867 /* RUNAnalazyViewController.m */ = {isa = PBXFileReference; fileEncoding = 4; lastKnownFileType = sourcecode.c.objc; path = RUNAnalazyViewController.m; sourceTree = "<group>"; };
		66085E471DD07A0700F3E867 /* RUNUserViewController.h */ = {isa = PBXFileReference; fileEncoding = 4; lastKnownFileType = sourcecode.c.h; path = RUNUserViewController.h; sourceTree = "<group>"; };
		66085E481DD07A0700F3E867 /* RUNUserViewController.m */ = {isa = PBXFileReference; fileEncoding = 4; lastKnownFileType = sourcecode.c.objc; path = RUNUserViewController.m; sourceTree = "<group>"; };
		66085E4A1DD0939200F3E867 /* RUNCircleView.h */ = {isa = PBXFileReference; fileEncoding = 4; lastKnownFileType = sourcecode.c.h; path = RUNCircleView.h; sourceTree = "<group>"; };
		66085E4B1DD0939200F3E867 /* RUNCircleView.m */ = {isa = PBXFileReference; fileEncoding = 4; lastKnownFileType = sourcecode.c.objc; path = RUNCircleView.m; sourceTree = "<group>"; };
		66085E4D1DD09F9900F3E867 /* RunHeader.pch */ = {isa = PBXFileReference; lastKnownFileType = sourcecode.c.h; path = RunHeader.pch; sourceTree = "<group>"; };
		66085E4E1DD0DA1700F3E867 /* RUNTextView.h */ = {isa = PBXFileReference; fileEncoding = 4; lastKnownFileType = sourcecode.c.h; path = RUNTextView.h; sourceTree = "<group>"; };
		66085E4F1DD0DA1700F3E867 /* RUNTextView.m */ = {isa = PBXFileReference; fileEncoding = 4; lastKnownFileType = sourcecode.c.objc; path = RUNTextView.m; sourceTree = "<group>"; };
		66162D861DD489A6002AEC37 /* YXLBaseChart.h */ = {isa = PBXFileReference; fileEncoding = 4; lastKnownFileType = sourcecode.c.h; path = YXLBaseChart.h; sourceTree = "<group>"; };
		66162D871DD489A6002AEC37 /* YXLBaseChart.m */ = {isa = PBXFileReference; fileEncoding = 4; lastKnownFileType = sourcecode.c.objc; path = YXLBaseChart.m; sourceTree = "<group>"; };
		66162D881DD489A6002AEC37 /* YXLChartsFactory.h */ = {isa = PBXFileReference; fileEncoding = 4; lastKnownFileType = sourcecode.c.h; path = YXLChartsFactory.h; sourceTree = "<group>"; };
		66162D891DD489A6002AEC37 /* YXLChartsFactory.m */ = {isa = PBXFileReference; fileEncoding = 4; lastKnownFileType = sourcecode.c.objc; path = YXLChartsFactory.m; sourceTree = "<group>"; };
		66162D8A1DD489A6002AEC37 /* YXLColumChart.h */ = {isa = PBXFileReference; fileEncoding = 4; lastKnownFileType = sourcecode.c.h; path = YXLColumChart.h; sourceTree = "<group>"; };
		66162D8B1DD489A6002AEC37 /* YXLColumChart.m */ = {isa = PBXFileReference; fileEncoding = 4; lastKnownFileType = sourcecode.c.objc; path = YXLColumChart.m; sourceTree = "<group>"; };
		66162D8C1DD489A6002AEC37 /* YXLLineChart.h */ = {isa = PBXFileReference; fileEncoding = 4; lastKnownFileType = sourcecode.c.h; path = YXLLineChart.h; sourceTree = "<group>"; };
		66162D8D1DD489A6002AEC37 /* YXLLineChart.m */ = {isa = PBXFileReference; fileEncoding = 4; lastKnownFileType = sourcecode.c.objc; path = YXLLineChart.m; sourceTree = "<group>"; };
		66162D951DD63063002AEC37 /* RUNShareViewController.h */ = {isa = PBXFileReference; fileEncoding = 4; lastKnownFileType = sourcecode.c.h; path = RUNShareViewController.h; sourceTree = "<group>"; };
		66162D961DD63063002AEC37 /* RUNShareViewController.m */ = {isa = PBXFileReference; fileEncoding = 4; lastKnownFileType = sourcecode.c.objc; path = RUNShareViewController.m; sourceTree = "<group>"; };
		66162D981DD6309C002AEC37 /* RUNMapViewController.h */ = {isa = PBXFileReference; fileEncoding = 4; lastKnownFileType = sourcecode.c.h; path = RUNMapViewController.h; sourceTree = "<group>"; };
		66162D991DD6309C002AEC37 /* RUNMapViewController.m */ = {isa = PBXFileReference; fileEncoding = 4; lastKnownFileType = sourcecode.c.objc; path = RUNMapViewController.m; sourceTree = "<group>"; };
		66162DA11DD633F6002AEC37 /* RUNFuncViewController.h */ = {isa = PBXFileReference; fileEncoding = 4; lastKnownFileType = sourcecode.c.h; path = RUNFuncViewController.h; sourceTree = "<group>"; };
		66162DA21DD633F6002AEC37 /* RUNFuncViewController.m */ = {isa = PBXFileReference; fileEncoding = 4; lastKnownFileType = sourcecode.c.objc; path = RUNFuncViewController.m; sourceTree = "<group>"; };
		66162DEC1DD72646002AEC37 /* RUNCalendarViewController.h */ = {isa = PBXFileReference; fileEncoding = 4; lastKnownFileType = sourcecode.c.h; path = RUNCalendarViewController.h; sourceTree = "<group>"; };
		66162DED1DD72646002AEC37 /* RUNCalendarViewController.m */ = {isa = PBXFileReference; fileEncoding = 4; lastKnownFileType = sourcecode.c.objc; path = RUNCalendarViewController.m; sourceTree = "<group>"; };
		66162DFA1DD7294C002AEC37 /* RUNTransitionAnimation.h */ = {isa = PBXFileReference; fileEncoding = 4; lastKnownFileType = sourcecode.c.h; path = RUNTransitionAnimation.h; sourceTree = "<group>"; };
		66162DFB1DD7294C002AEC37 /* RUNTransitionAnimation.m */ = {isa = PBXFileReference; fileEncoding = 4; lastKnownFileType = sourcecode.c.objc; path = RUNTransitionAnimation.m; sourceTree = "<group>"; };
		66162DFD1DD82449002AEC37 /* RUNCalendarView.h */ = {isa = PBXFileReference; fileEncoding = 4; lastKnownFileType = sourcecode.c.h; path = RUNCalendarView.h; sourceTree = "<group>"; };
		66162DFE1DD82449002AEC37 /* RUNCalendarView.m */ = {isa = PBXFileReference; fileEncoding = 4; lastKnownFileType = sourcecode.c.objc; path = RUNCalendarView.m; sourceTree = "<group>"; };
		66162E001DD832FD002AEC37 /* RUNCalendarCollectionViewCell.h */ = {isa = PBXFileReference; fileEncoding = 4; lastKnownFileType = sourcecode.c.h; path = RUNCalendarCollectionViewCell.h; sourceTree = "<group>"; };
		66162E011DD832FD002AEC37 /* RUNCalendarCollectionViewCell.m */ = {isa = PBXFileReference; fileEncoding = 4; lastKnownFileType = sourcecode.c.objc; path = RUNCalendarCollectionViewCell.m; sourceTree = "<group>"; };
		66162E031DD84EC6002AEC37 /* RUNUserHeadView.h */ = {isa = PBXFileReference; fileEncoding = 4; lastKnownFileType = sourcecode.c.h; path = RUNUserHeadView.h; sourceTree = "<group>"; };
		66162E041DD84EC6002AEC37 /* RUNUserHeadView.m */ = {isa = PBXFileReference; fileEncoding = 4; lastKnownFileType = sourcecode.c.objc; path = RUNUserHeadView.m; sourceTree = "<group>"; };
		66162E061DD87DB5002AEC37 /* RUNButton.h */ = {isa = PBXFileReference; fileEncoding = 4; lastKnownFileType = sourcecode.c.h; path = RUNButton.h; sourceTree = "<group>"; };
		66162E071DD87DB5002AEC37 /* RUNButton.m */ = {isa = PBXFileReference; fileEncoding = 4; lastKnownFileType = sourcecode.c.objc; path = RUNButton.m; sourceTree = "<group>"; };
		66162E0D1DD88DC6002AEC37 /* RUNUserEditViewController.h */ = {isa = PBXFileReference; fileEncoding = 4; lastKnownFileType = sourcecode.c.h; path = RUNUserEditViewController.h; sourceTree = "<group>"; };
		66162E0E1DD88DC6002AEC37 /* RUNUserEditViewController.m */ = {isa = PBXFileReference; fileEncoding = 4; lastKnownFileType = sourcecode.c.objc; path = RUNUserEditViewController.m; sourceTree = "<group>"; };
		66162E101DD88DD5002AEC37 /* RUNLockViewController.h */ = {isa = PBXFileReference; fileEncoding = 4; lastKnownFileType = sourcecode.c.h; path = RUNLockViewController.h; sourceTree = "<group>"; };
		66162E111DD88DD5002AEC37 /* RUNLockViewController.m */ = {isa = PBXFileReference; fileEncoding = 4; lastKnownFileType = sourcecode.c.objc; path = RUNLockViewController.m; sourceTree = "<group>"; };
		66162E131DD88DDE002AEC37 /* RUNHistoryViewController.h */ = {isa = PBXFileReference; fileEncoding = 4; lastKnownFileType = sourcecode.c.h; path = RUNHistoryViewController.h; sourceTree = "<group>"; };
		66162E141DD88DDE002AEC37 /* RUNHistoryViewController.m */ = {isa = PBXFileReference; fileEncoding = 4; lastKnownFileType = sourcecode.c.objc; path = RUNHistoryViewController.m; sourceTree = "<group>"; };
		66162E161DD88DE8002AEC37 /* RUNSettingViewController.h */ = {isa = PBXFileReference; fileEncoding = 4; lastKnownFileType = sourcecode.c.h; path = RUNSettingViewController.h; sourceTree = "<group>"; };
		66162E171DD88DE8002AEC37 /* RUNSettingViewController.m */ = {isa = PBXFileReference; fileEncoding = 4; lastKnownFileType = sourcecode.c.objc; path = RUNSettingViewController.m; sourceTree = "<group>"; };
		66162E1F1DD9B898002AEC37 /* RUNHistoryTableViewCell.h */ = {isa = PBXFileReference; fileEncoding = 4; lastKnownFileType = sourcecode.c.h; path = RUNHistoryTableViewCell.h; sourceTree = "<group>"; };
		66162E201DD9B898002AEC37 /* RUNHistoryTableViewCell.m */ = {isa = PBXFileReference; fileEncoding = 4; lastKnownFileType = sourcecode.c.objc; path = RUNHistoryTableViewCell.m; sourceTree = "<group>"; };
		66162E211DD9B898002AEC37 /* RUNHistoryTableViewCell.xib */ = {isa = PBXFileReference; fileEncoding = 4; lastKnownFileType = file.xib; path = RUNHistoryTableViewCell.xib; sourceTree = "<group>"; };
		66162E241DD9BE25002AEC37 /* RUNHistoryMapViewController.h */ = {isa = PBXFileReference; fileEncoding = 4; lastKnownFileType = sourcecode.c.h; path = RUNHistoryMapViewController.h; sourceTree = "<group>"; };
		66162E251DD9BE25002AEC37 /* RUNHistoryMapViewController.m */ = {isa = PBXFileReference; fileEncoding = 4; lastKnownFileType = sourcecode.c.objc; path = RUNHistoryMapViewController.m; sourceTree = "<group>"; };
		66162E281DD9C18C002AEC37 /* RUNSettingTableViewCell.h */ = {isa = PBXFileReference; fileEncoding = 4; lastKnownFileType = sourcecode.c.h; path = RUNSettingTableViewCell.h; sourceTree = "<group>"; };
		66162E291DD9C18C002AEC37 /* RUNSettingTableViewCell.m */ = {isa = PBXFileReference; fileEncoding = 4; lastKnownFileType = sourcecode.c.objc; path = RUNSettingTableViewCell.m; sourceTree = "<group>"; };
		66162E2A1DD9C18C002AEC37 /* RUNSettingTableViewCell.xib */ = {isa = PBXFileReference; fileEncoding = 4; lastKnownFileType = file.xib; path = RUNSettingTableViewCell.xib; sourceTree = "<group>"; };
		66162E2D1DD9D673002AEC37 /* RUNFAQViewController.h */ = {isa = PBXFileReference; fileEncoding = 4; lastKnownFileType = sourcecode.c.h; path = RUNFAQViewController.h; sourceTree = "<group>"; };
		66162E2E1DD9D673002AEC37 /* RUNFAQViewController.m */ = {isa = PBXFileReference; fileEncoding = 4; lastKnownFileType = sourcecode.c.objc; path = RUNFAQViewController.m; sourceTree = "<group>"; };
		66162E301DD9D6C5002AEC37 /* RUNFAQTableViewCell.h */ = {isa = PBXFileReference; fileEncoding = 4; lastKnownFileType = sourcecode.c.h; path = RUNFAQTableViewCell.h; sourceTree = "<group>"; };
		66162E311DD9D6C5002AEC37 /* RUNFAQTableViewCell.m */ = {isa = PBXFileReference; fileEncoding = 4; lastKnownFileType = sourcecode.c.objc; path = RUNFAQTableViewCell.m; sourceTree = "<group>"; };
		66162E321DD9D6C5002AEC37 /* RUNFAQTableViewCell.xib */ = {isa = PBXFileReference; fileEncoding = 4; lastKnownFileType = file.xib; path = RUNFAQTableViewCell.xib; sourceTree = "<group>"; };
		66162E351DD9D728002AEC37 /* RUNFeedBackViewController.h */ = {isa = PBXFileReference; fileEncoding = 4; lastKnownFileType = sourcecode.c.h; path = RUNFeedBackViewController.h; sourceTree = "<group>"; };
		66162E361DD9D728002AEC37 /* RUNFeedBackViewController.m */ = {isa = PBXFileReference; fileEncoding = 4; lastKnownFileType = sourcecode.c.objc; path = RUNFeedBackViewController.m; sourceTree = "<group>"; };
		66162E511DDA031D002AEC37 /* RunUserTableViewCell.h */ = {isa = PBXFileReference; fileEncoding = 4; lastKnownFileType = sourcecode.c.h; path = RunUserTableViewCell.h; sourceTree = "<group>"; };
		66162E521DDA031D002AEC37 /* RunUserTableViewCell.m */ = {isa = PBXFileReference; fileEncoding = 4; lastKnownFileType = sourcecode.c.objc; path = RunUserTableViewCell.m; sourceTree = "<group>"; };
		66162E531DDA031D002AEC37 /* RunUserTableViewCell.xib */ = {isa = PBXFileReference; fileEncoding = 4; lastKnownFileType = file.xib; path = RunUserTableViewCell.xib; sourceTree = "<group>"; };
		66162E571DDA15A9002AEC37 /* RUNPickViewController.h */ = {isa = PBXFileReference; fileEncoding = 4; lastKnownFileType = sourcecode.c.h; path = RUNPickViewController.h; sourceTree = "<group>"; };
		66162E581DDA15A9002AEC37 /* RUNPickViewController.m */ = {isa = PBXFileReference; fileEncoding = 4; lastKnownFileType = sourcecode.c.objc; path = RUNPickViewController.m; sourceTree = "<group>"; };
		66162E5A1DDA942D002AEC37 /* RUNUserModel.h */ = {isa = PBXFileReference; fileEncoding = 4; lastKnownFileType = sourcecode.c.h; path = RUNUserModel.h; sourceTree = "<group>"; };
		66162E5B1DDA942D002AEC37 /* RUNUserModel.m */ = {isa = PBXFileReference; fileEncoding = 4; lastKnownFileType = sourcecode.c.objc; path = RUNUserModel.m; sourceTree = "<group>"; };
		66162E5D1DDB28C5002AEC37 /* RUNChildViewController.h */ = {isa = PBXFileReference; fileEncoding = 4; lastKnownFileType = sourcecode.c.h; path = RUNChildViewController.h; sourceTree = "<group>"; };
		66162E5E1DDB28C5002AEC37 /* RUNChildViewController.m */ = {isa = PBXFileReference; fileEncoding = 4; lastKnownFileType = sourcecode.c.objc; path = RUNChildViewController.m; sourceTree = "<group>"; };
		66162E631DDC6740002AEC37 /* RUNAllDataViewController.h */ = {isa = PBXFileReference; fileEncoding = 4; lastKnownFileType = sourcecode.c.h; path = RUNAllDataViewController.h; sourceTree = "<group>"; };
		66162E641DDC6740002AEC37 /* RUNAllDataViewController.m */ = {isa = PBXFileReference; fileEncoding = 4; lastKnownFileType = sourcecode.c.objc; path = RUNAllDataViewController.m; sourceTree = "<group>"; };
		66B17DF71DCB11CD00AE4C49 /* RunApp.app */ = {isa = PBXFileReference; explicitFileType = wrapper.application; includeInIndex = 0; path = RunApp.app; sourceTree = BUILT_PRODUCTS_DIR; };
		66B17DFB1DCB11CD00AE4C49 /* main.m */ = {isa = PBXFileReference; lastKnownFileType = sourcecode.c.objc; path = main.m; sourceTree = "<group>"; };
		66B17E041DCB11CD00AE4C49 /* Base */ = {isa = PBXFileReference; lastKnownFileType = file.storyboard; name = Base; path = Base.lproj/Main.storyboard; sourceTree = "<group>"; };
		66B17E061DCB11CD00AE4C49 /* Assets.xcassets */ = {isa = PBXFileReference; lastKnownFileType = folder.assetcatalog; path = Assets.xcassets; sourceTree = "<group>"; };
		66B17E091DCB11CD00AE4C49 /* Base */ = {isa = PBXFileReference; lastKnownFileType = file.storyboard; name = Base; path = Base.lproj/LaunchScreen.storyboard; sourceTree = "<group>"; };
		66B17E0B1DCB11CD00AE4C49 /* Info.plist */ = {isa = PBXFileReference; lastKnownFileType = text.plist.xml; path = Info.plist; sourceTree = "<group>"; };
		66B17E101DCB11CD00AE4C49 /* RunAppTests.xctest */ = {isa = PBXFileReference; explicitFileType = wrapper.cfbundle; includeInIndex = 0; path = RunAppTests.xctest; sourceTree = BUILT_PRODUCTS_DIR; };
		66B17E141DCB11CD00AE4C49 /* RunAppTests.m */ = {isa = PBXFileReference; lastKnownFileType = sourcecode.c.objc; path = RunAppTests.m; sourceTree = "<group>"; };
		66B17E161DCB11CD00AE4C49 /* Info.plist */ = {isa = PBXFileReference; lastKnownFileType = text.plist.xml; path = Info.plist; sourceTree = "<group>"; };
		66B17E1B1DCB11CD00AE4C49 /* RunAppUITests.xctest */ = {isa = PBXFileReference; explicitFileType = wrapper.cfbundle; includeInIndex = 0; path = RunAppUITests.xctest; sourceTree = BUILT_PRODUCTS_DIR; };
		66B17E1F1DCB11CD00AE4C49 /* RunAppUITests.m */ = {isa = PBXFileReference; lastKnownFileType = sourcecode.c.objc; path = RunAppUITests.m; sourceTree = "<group>"; };
		66B17E211DCB11CD00AE4C49 /* Info.plist */ = {isa = PBXFileReference; lastKnownFileType = text.plist.xml; path = Info.plist; sourceTree = "<group>"; };
		66B17E2D1DCB11EC00AE4C49 /* RunApp.entitlements */ = {isa = PBXFileReference; lastKnownFileType = text.plist.entitlements; path = RunApp.entitlements; sourceTree = "<group>"; };
		66B17E2F1DCB11EC00AE4C49 /* HealthKit.framework */ = {isa = PBXFileReference; lastKnownFileType = wrapper.framework; name = HealthKit.framework; path = System/Library/Frameworks/HealthKit.framework; sourceTree = SDKROOT; };
		6C9B1A89F85AE1870431A140 /* Pods-RunApp.release.xcconfig */ = {isa = PBXFileReference; includeInIndex = 1; lastKnownFileType = text.xcconfig; name = "Pods-RunApp.release.xcconfig"; path = "Pods/Target Support Files/Pods-RunApp/Pods-RunApp.release.xcconfig"; sourceTree = "<group>"; };
		EF3E40822659E5F42A1D5E2C /* Pods_RunApp.framework */ = {isa = PBXFileReference; explicitFileType = wrapper.framework; includeInIndex = 0; path = Pods_RunApp.framework; sourceTree = BUILT_PRODUCTS_DIR; };
/* End PBXFileReference section */

/* Begin PBXFrameworksBuildPhase section */
		66B17DF41DCB11CD00AE4C49 /* Frameworks */ = {
			isa = PBXFrameworksBuildPhase;
			buildActionMask = 2147483647;
			files = (
				66B17E301DCB11EC00AE4C49 /* HealthKit.framework in Frameworks */,
				F5D304D459C13C777157AED5 /* Pods_RunApp.framework in Frameworks */,
			);
			runOnlyForDeploymentPostprocessing = 0;
		};
		66B17E0D1DCB11CD00AE4C49 /* Frameworks */ = {
			isa = PBXFrameworksBuildPhase;
			buildActionMask = 2147483647;
			files = (
			);
			runOnlyForDeploymentPostprocessing = 0;
		};
		66B17E181DCB11CD00AE4C49 /* Frameworks */ = {
			isa = PBXFrameworksBuildPhase;
			buildActionMask = 2147483647;
			files = (
			);
			runOnlyForDeploymentPostprocessing = 0;
		};
/* End PBXFrameworksBuildPhase section */

/* Begin PBXGroup section */
		2D939B1F728DF07E29EB0A23 /* Pods */ = {
			isa = PBXGroup;
			children = (
				1E338C058CE596B899BF95FF /* Pods-RunApp.debug.xcconfig */,
				6C9B1A89F85AE1870431A140 /* Pods-RunApp.release.xcconfig */,
			);
			name = Pods;
			sourceTree = "<group>";
		};
		66085DB01DCF39A100F3E867 /* RUNClasses */ = {
			isa = PBXGroup;
			children = (
				66085DB21DCF39CF00F3E867 /* RUNItems */,
				66085DB51DCF39FB00F3E867 /* RUNCategoties */,
				66085DB41DCF39EA00F3E867 /* RUNTools */,
				66085DB31DCF39D800F3E867 /* RUNMain */,
			);
			path = RUNClasses;
			sourceTree = "<group>";
		};
		66085DB11DCF39BE00F3E867 /* RUNResource */ = {
			isa = PBXGroup;
			children = (
			);
			path = RUNResource;
			sourceTree = "<group>";
		};
		66085DB21DCF39CF00F3E867 /* RUNItems */ = {
			isa = PBXGroup;
			children = (
				66085DBC1DCF3B7E00F3E867 /* RUNHomeItem */,
				66085DBD1DCF3B9800F3E867 /* RUNAnalazyItem */,
				66085DBE1DCF3BAB00F3E867 /* RUNUserItem */,
				66085DBF1DCF3BC400F3E867 /* RUNMapItem */,
				66085DC01DCF3BCF00F3E867 /* RUNShareItem */,
			);
			path = RUNItems;
			sourceTree = "<group>";
		};
		66085DB31DCF39D800F3E867 /* RUNMain */ = {
			isa = PBXGroup;
			children = (
				66085DB61DCF3A6D00F3E867 /* RUNAppDelegate.h */,
				66085DB71DCF3A6D00F3E867 /* RUNAppDelegate.m */,
				66085DB81DCF3A6D00F3E867 /* RUNViewController.h */,
				66085DB91DCF3A6D00F3E867 /* RUNViewController.m */,
				66085DC11DCF3C0F00F3E867 /* RUNNavigationViewController.h */,
				66085DC21DCF3C0F00F3E867 /* RUNNavigationViewController.m */,
				66085DC41DCF3C2500F3E867 /* RUNTabBarViewController.h */,
				66085DC51DCF3C2500F3E867 /* RUNTabBarViewController.m */,
			);
			path = RUNMain;
			sourceTree = "<group>";
		};
		66085DB41DCF39EA00F3E867 /* RUNTools */ = {
			isa = PBXGroup;
			children = (
				66162E561DDA156D002AEC37 /* RUNPickView */,
				66162DF31DD726DB002AEC37 /* TransitionAnimation */,
				66162D851DD489A6002AEC37 /* Charts */,
			);
			path = RUNTools;
			sourceTree = "<group>";
		};
		66085DB51DCF39FB00F3E867 /* RUNCategoties */ = {
			isa = PBXGroup;
			children = (
			);
			path = RUNCategoties;
			sourceTree = "<group>";
		};
		66085DBC1DCF3B7E00F3E867 /* RUNHomeItem */ = {
			isa = PBXGroup;
			children = (
				66085E321DD075EA00F3E867 /* HomeModel */,
				66085E311DD075E200F3E867 /* HomeView */,
				66085E301DD075D700F3E867 /* HomeController */,
			);
			path = RUNHomeItem;
			sourceTree = "<group>";
		};
		66085DBD1DCF3B9800F3E867 /* RUNAnalazyItem */ = {
			isa = PBXGroup;
			children = (
				66085E381DD0762F00F3E867 /* AnalazyModel */,
				66085E371DD0762700F3E867 /* AnalazyView */,
				66085E361DD0761D00F3E867 /* AnalazyController */,
			);
			path = RUNAnalazyItem;
			sourceTree = "<group>";
		};
		66085DBE1DCF3BAB00F3E867 /* RUNUserItem */ = {
			isa = PBXGroup;
			children = (
				66085E3B1DD0764A00F3E867 /* UserModel */,
				66085E3A1DD0764300F3E867 /* UserView */,
				66085E391DD0763C00F3E867 /* UserController */,
			);
			path = RUNUserItem;
			sourceTree = "<group>";
		};
		66085DBF1DCF3BC400F3E867 /* RUNMapItem */ = {
			isa = PBXGroup;
			children = (
				66085E3E1DD0766A00F3E867 /* MapModel */,
				66085E3D1DD0766000F3E867 /* MapView */,
				66085E3C1DD0765900F3E867 /* MapController */,
			);
			path = RUNMapItem;
			sourceTree = "<group>";
		};
		66085DC01DCF3BCF00F3E867 /* RUNShareItem */ = {
			isa = PBXGroup;
			children = (
				66085E411DD0768B00F3E867 /* ShareModel */,
				66085E401DD0768100F3E867 /* ShareView */,
				66085E3F1DD0767900F3E867 /* ShareController */,
			);
			path = RUNShareItem;
			sourceTree = "<group>";
		};
		66085E301DD075D700F3E867 /* HomeController */ = {
			isa = PBXGroup;
			children = (
				66085E331DD075F500F3E867 /* RUNHomeViewController.h */,
				66085E341DD075F500F3E867 /* RUNHomeViewController.m */,
				66162DA11DD633F6002AEC37 /* RUNFuncViewController.h */,
				66162DA21DD633F6002AEC37 /* RUNFuncViewController.m */,
				66162DEC1DD72646002AEC37 /* RUNCalendarViewController.h */,
				66162DED1DD72646002AEC37 /* RUNCalendarViewController.m */,
			);
			path = HomeController;
			sourceTree = "<group>";
		};
		66085E311DD075E200F3E867 /* HomeView */ = {
			isa = PBXGroup;
			children = (
				66085E4A1DD0939200F3E867 /* RUNCircleView.h */,
				66085E4B1DD0939200F3E867 /* RUNCircleView.m */,
				66085E4E1DD0DA1700F3E867 /* RUNTextView.h */,
				66085E4F1DD0DA1700F3E867 /* RUNTextView.m */,
				66162DFD1DD82449002AEC37 /* RUNCalendarView.h */,
				66162DFE1DD82449002AEC37 /* RUNCalendarView.m */,
				66162E001DD832FD002AEC37 /* RUNCalendarCollectionViewCell.h */,
				66162E011DD832FD002AEC37 /* RUNCalendarCollectionViewCell.m */,
			);
			path = HomeView;
			sourceTree = "<group>";
		};
		66085E321DD075EA00F3E867 /* HomeModel */ = {
			isa = PBXGroup;
			children = (
			);
			path = HomeModel;
			sourceTree = "<group>";
		};
		66085E361DD0761D00F3E867 /* AnalazyController */ = {
			isa = PBXGroup;
			children = (
				66085E441DD079F500F3E867 /* RUNAnalazyViewController.h */,
				66085E451DD079F500F3E867 /* RUNAnalazyViewController.m */,
				66162E5D1DDB28C5002AEC37 /* RUNChildViewController.h */,
				66162E5E1DDB28C5002AEC37 /* RUNChildViewController.m */,
				66162E631DDC6740002AEC37 /* RUNAllDataViewController.h */,
				66162E641DDC6740002AEC37 /* RUNAllDataViewController.m */,
			);
			path = AnalazyController;
			sourceTree = "<group>";
		};
		66085E371DD0762700F3E867 /* AnalazyView */ = {
			isa = PBXGroup;
			children = (
			);
			path = AnalazyView;
			sourceTree = "<group>";
		};
		66085E381DD0762F00F3E867 /* AnalazyModel */ = {
			isa = PBXGroup;
			children = (
			);
			path = AnalazyModel;
			sourceTree = "<group>";
		};
		66085E391DD0763C00F3E867 /* UserController */ = {
			isa = PBXGroup;
			children = (
				66162E0C1DD88DA2002AEC37 /* RUNSetting */,
				66162E0B1DD88D99002AEC37 /* RUNHistory */,
				66162E0A1DD88D8F002AEC37 /* RUNLock */,
				66162E091DD88D7F002AEC37 /* RUNUserEdit */,
				66085E471DD07A0700F3E867 /* RUNUserViewController.h */,
				66085E481DD07A0700F3E867 /* RUNUserViewController.m */,
			);
			path = UserController;
			sourceTree = "<group>";
		};
		66085E3A1DD0764300F3E867 /* UserView */ = {
			isa = PBXGroup;
			children = (
				66162E381DD9F193002AEC37 /* RUNUserEdit */,
				66162E271DD9C178002AEC37 /* RUNSet */,
				66162E1B1DD9B804002AEC37 /* RUNHistory */,
				66162E031DD84EC6002AEC37 /* RUNUserHeadView.h */,
				66162E041DD84EC6002AEC37 /* RUNUserHeadView.m */,
				66162E061DD87DB5002AEC37 /* RUNButton.h */,
				66162E071DD87DB5002AEC37 /* RUNButton.m */,
			);
			path = UserView;
			sourceTree = "<group>";
		};
		66085E3B1DD0764A00F3E867 /* UserModel */ = {
			isa = PBXGroup;
			children = (
				66162E5A1DDA942D002AEC37 /* RUNUserModel.h */,
				66162E5B1DDA942D002AEC37 /* RUNUserModel.m */,
			);
			path = UserModel;
			sourceTree = "<group>";
		};
		66085E3C1DD0765900F3E867 /* MapController */ = {
			isa = PBXGroup;
			children = (
				66162D981DD6309C002AEC37 /* RUNMapViewController.h */,
				66162D991DD6309C002AEC37 /* RUNMapViewController.m */,
				66162E241DD9BE25002AEC37 /* RUNHistoryMapViewController.h */,
				66162E251DD9BE25002AEC37 /* RUNHistoryMapViewController.m */,
			);
			path = MapController;
			sourceTree = "<group>";
		};
		66085E3D1DD0766000F3E867 /* MapView */ = {
			isa = PBXGroup;
			children = (
			);
			path = MapView;
			sourceTree = "<group>";
		};
		66085E3E1DD0766A00F3E867 /* MapModel */ = {
			isa = PBXGroup;
			children = (
			);
			path = MapModel;
			sourceTree = "<group>";
		};
		66085E3F1DD0767900F3E867 /* ShareController */ = {
			isa = PBXGroup;
			children = (
				66162D951DD63063002AEC37 /* RUNShareViewController.h */,
				66162D961DD63063002AEC37 /* RUNShareViewController.m */,
			);
			path = ShareController;
			sourceTree = "<group>";
		};
		66085E401DD0768100F3E867 /* ShareView */ = {
			isa = PBXGroup;
			children = (
			);
			path = ShareView;
			sourceTree = "<group>";
		};
		66085E411DD0768B00F3E867 /* ShareModel */ = {
			isa = PBXGroup;
			children = (
			);
			path = ShareModel;
			sourceTree = "<group>";
		};
		66162D851DD489A6002AEC37 /* Charts */ = {
			isa = PBXGroup;
			children = (
				66162D861DD489A6002AEC37 /* YXLBaseChart.h */,
				66162D871DD489A6002AEC37 /* YXLBaseChart.m */,
				66162D881DD489A6002AEC37 /* YXLChartsFactory.h */,
				66162D891DD489A6002AEC37 /* YXLChartsFactory.m */,
				66162D8A1DD489A6002AEC37 /* YXLColumChart.h */,
				66162D8B1DD489A6002AEC37 /* YXLColumChart.m */,
				66162D8C1DD489A6002AEC37 /* YXLLineChart.h */,
				66162D8D1DD489A6002AEC37 /* YXLLineChart.m */,
			);
			path = Charts;
			sourceTree = "<group>";
		};
		66162DF31DD726DB002AEC37 /* TransitionAnimation */ = {
			isa = PBXGroup;
			children = (
				66162DFA1DD7294C002AEC37 /* RUNTransitionAnimation.h */,
				66162DFB1DD7294C002AEC37 /* RUNTransitionAnimation.m */,
			);
			path = TransitionAnimation;
			sourceTree = "<group>";
		};
		66162E091DD88D7F002AEC37 /* RUNUserEdit */ = {
			isa = PBXGroup;
			children = (
				66162E0D1DD88DC6002AEC37 /* RUNUserEditViewController.h */,
				66162E0E1DD88DC6002AEC37 /* RUNUserEditViewController.m */,
			);
			path = RUNUserEdit;
			sourceTree = "<group>";
		};
		66162E0A1DD88D8F002AEC37 /* RUNLock */ = {
			isa = PBXGroup;
			children = (
				66162E101DD88DD5002AEC37 /* RUNLockViewController.h */,
				66162E111DD88DD5002AEC37 /* RUNLockViewController.m */,
			);
			path = RUNLock;
			sourceTree = "<group>";
		};
		66162E0B1DD88D99002AEC37 /* RUNHistory */ = {
			isa = PBXGroup;
			children = (
				66162E131DD88DDE002AEC37 /* RUNHistoryViewController.h */,
				66162E141DD88DDE002AEC37 /* RUNHistoryViewController.m */,
			);
			path = RUNHistory;
			sourceTree = "<group>";
		};
		66162E0C1DD88DA2002AEC37 /* RUNSetting */ = {
			isa = PBXGroup;
			children = (
				66162E161DD88DE8002AEC37 /* RUNSettingViewController.h */,
				66162E171DD88DE8002AEC37 /* RUNSettingViewController.m */,
				66162E2D1DD9D673002AEC37 /* RUNFAQViewController.h */,
				66162E2E1DD9D673002AEC37 /* RUNFAQViewController.m */,
				66162E351DD9D728002AEC37 /* RUNFeedBackViewController.h */,
				66162E361DD9D728002AEC37 /* RUNFeedBackViewController.m */,
			);
			path = RUNSetting;
			sourceTree = "<group>";
		};
		66162E1B1DD9B804002AEC37 /* RUNHistory */ = {
			isa = PBXGroup;
			children = (
				66162E1F1DD9B898002AEC37 /* RUNHistoryTableViewCell.h */,
				66162E201DD9B898002AEC37 /* RUNHistoryTableViewCell.m */,
				66162E211DD9B898002AEC37 /* RUNHistoryTableViewCell.xib */,
			);
			path = RUNHistory;
			sourceTree = "<group>";
		};
		66162E271DD9C178002AEC37 /* RUNSet */ = {
			isa = PBXGroup;
			children = (
				66162E281DD9C18C002AEC37 /* RUNSettingTableViewCell.h */,
				66162E291DD9C18C002AEC37 /* RUNSettingTableViewCell.m */,
				66162E2A1DD9C18C002AEC37 /* RUNSettingTableViewCell.xib */,
				66162E301DD9D6C5002AEC37 /* RUNFAQTableViewCell.h */,
				66162E311DD9D6C5002AEC37 /* RUNFAQTableViewCell.m */,
				66162E321DD9D6C5002AEC37 /* RUNFAQTableViewCell.xib */,
			);
			path = RUNSet;
			sourceTree = "<group>";
		};
		66162E381DD9F193002AEC37 /* RUNUserEdit */ = {
			isa = PBXGroup;
			children = (
				66162E511DDA031D002AEC37 /* RunUserTableViewCell.h */,
				66162E521DDA031D002AEC37 /* RunUserTableViewCell.m */,
				66162E531DDA031D002AEC37 /* RunUserTableViewCell.xib */,
			);
			path = RUNUserEdit;
			sourceTree = "<group>";
		};
		66162E561DDA156D002AEC37 /* RUNPickView */ = {
			isa = PBXGroup;
			children = (
				66162E571DDA15A9002AEC37 /* RUNPickViewController.h */,
				66162E581DDA15A9002AEC37 /* RUNPickViewController.m */,
			);
			path = RUNPickView;
			sourceTree = "<group>";
		};
		66B17DEE1DCB11CD00AE4C49 = {
			isa = PBXGroup;
			children = (
				66B17DF91DCB11CD00AE4C49 /* RunApp */,
				66B17E131DCB11CD00AE4C49 /* RunAppTests */,
				66B17E1E1DCB11CD00AE4C49 /* RunAppUITests */,
				66B17DF81DCB11CD00AE4C49 /* Products */,
				66B17E2E1DCB11EC00AE4C49 /* Frameworks */,
				2D939B1F728DF07E29EB0A23 /* Pods */,
			);
			sourceTree = "<group>";
		};
		66B17DF81DCB11CD00AE4C49 /* Products */ = {
			isa = PBXGroup;
			children = (
				66B17DF71DCB11CD00AE4C49 /* RunApp.app */,
				66B17E101DCB11CD00AE4C49 /* RunAppTests.xctest */,
				66B17E1B1DCB11CD00AE4C49 /* RunAppUITests.xctest */,
			);
			name = Products;
			sourceTree = "<group>";
		};
		66B17DF91DCB11CD00AE4C49 /* RunApp */ = {
			isa = PBXGroup;
			children = (
				66085DB01DCF39A100F3E867 /* RUNClasses */,
				66085DB11DCF39BE00F3E867 /* RUNResource */,
				66B17DFA1DCB11CD00AE4C49 /* Supporting Files */,
			);
			path = RunApp;
			sourceTree = "<group>";
		};
		66B17DFA1DCB11CD00AE4C49 /* Supporting Files */ = {
			isa = PBXGroup;
			children = (
				66B17E2D1DCB11EC00AE4C49 /* RunApp.entitlements */,
				66B17E031DCB11CD00AE4C49 /* Main.storyboard */,
				66B17E061DCB11CD00AE4C49 /* Assets.xcassets */,
				66B17E081DCB11CD00AE4C49 /* LaunchScreen.storyboard */,
				66B17E0B1DCB11CD00AE4C49 /* Info.plist */,
				66B17DFB1DCB11CD00AE4C49 /* main.m */,
				66085E4D1DD09F9900F3E867 /* RunHeader.pch */,
			);
			name = "Supporting Files";
			sourceTree = "<group>";
		};
		66B17E131DCB11CD00AE4C49 /* RunAppTests */ = {
			isa = PBXGroup;
			children = (
				66B17E141DCB11CD00AE4C49 /* RunAppTests.m */,
				66B17E161DCB11CD00AE4C49 /* Info.plist */,
			);
			path = RunAppTests;
			sourceTree = "<group>";
		};
		66B17E1E1DCB11CD00AE4C49 /* RunAppUITests */ = {
			isa = PBXGroup;
			children = (
				66B17E1F1DCB11CD00AE4C49 /* RunAppUITests.m */,
				66B17E211DCB11CD00AE4C49 /* Info.plist */,
			);
			path = RunAppUITests;
			sourceTree = "<group>";
		};
		66B17E2E1DCB11EC00AE4C49 /* Frameworks */ = {
			isa = PBXGroup;
			children = (
				66B17E2F1DCB11EC00AE4C49 /* HealthKit.framework */,
				EF3E40822659E5F42A1D5E2C /* Pods_RunApp.framework */,
			);
			name = Frameworks;
			sourceTree = "<group>";
		};
/* End PBXGroup section */

/* Begin PBXNativeTarget section */
		66B17DF61DCB11CD00AE4C49 /* RunApp */ = {
			isa = PBXNativeTarget;
			buildConfigurationList = 66B17E241DCB11CD00AE4C49 /* Build configuration list for PBXNativeTarget "RunApp" */;
			buildPhases = (
				B7573014CEDEF85E8670A0C4 /* Check Pods Manifest.lock */,
				66B17DF31DCB11CD00AE4C49 /* Sources */,
				66B17DF41DCB11CD00AE4C49 /* Frameworks */,
				66B17DF51DCB11CD00AE4C49 /* Resources */,
				3FC37E2E935E09DE4FE6B61C /* Embed Pods Frameworks */,
				D4D6BDBF5D78F69668F611E6 /* Copy Pods Resources */,
			);
			buildRules = (
			);
			dependencies = (
			);
			name = RunApp;
			productName = RunApp;
			productReference = 66B17DF71DCB11CD00AE4C49 /* RunApp.app */;
			productType = "com.apple.product-type.application";
		};
		66B17E0F1DCB11CD00AE4C49 /* RunAppTests */ = {
			isa = PBXNativeTarget;
			buildConfigurationList = 66B17E271DCB11CD00AE4C49 /* Build configuration list for PBXNativeTarget "RunAppTests" */;
			buildPhases = (
				66B17E0C1DCB11CD00AE4C49 /* Sources */,
				66B17E0D1DCB11CD00AE4C49 /* Frameworks */,
				66B17E0E1DCB11CD00AE4C49 /* Resources */,
			);
			buildRules = (
			);
			dependencies = (
				66B17E121DCB11CD00AE4C49 /* PBXTargetDependency */,
			);
			name = RunAppTests;
			productName = RunAppTests;
			productReference = 66B17E101DCB11CD00AE4C49 /* RunAppTests.xctest */;
			productType = "com.apple.product-type.bundle.unit-test";
		};
		66B17E1A1DCB11CD00AE4C49 /* RunAppUITests */ = {
			isa = PBXNativeTarget;
			buildConfigurationList = 66B17E2A1DCB11CD00AE4C49 /* Build configuration list for PBXNativeTarget "RunAppUITests" */;
			buildPhases = (
				66B17E171DCB11CD00AE4C49 /* Sources */,
				66B17E181DCB11CD00AE4C49 /* Frameworks */,
				66B17E191DCB11CD00AE4C49 /* Resources */,
			);
			buildRules = (
			);
			dependencies = (
				66B17E1D1DCB11CD00AE4C49 /* PBXTargetDependency */,
			);
			name = RunAppUITests;
			productName = RunAppUITests;
			productReference = 66B17E1B1DCB11CD00AE4C49 /* RunAppUITests.xctest */;
			productType = "com.apple.product-type.bundle.ui-testing";
		};
/* End PBXNativeTarget section */

/* Begin PBXProject section */
		66B17DEF1DCB11CD00AE4C49 /* Project object */ = {
			isa = PBXProject;
			attributes = {
				LastUpgradeCheck = 0810;
				ORGANIZATIONNAME = Tangtang;
				TargetAttributes = {
					66B17DF61DCB11CD00AE4C49 = {
						CreatedOnToolsVersion = 8.1;
						DevelopmentTeam = UHCLK74DHB;
						ProvisioningStyle = Automatic;
						SystemCapabilities = {
							com.apple.HealthKit = {
								enabled = 1;
							};
						};
					};
					66B17E0F1DCB11CD00AE4C49 = {
						CreatedOnToolsVersion = 8.1;
						ProvisioningStyle = Automatic;
						TestTargetID = 66B17DF61DCB11CD00AE4C49;
					};
					66B17E1A1DCB11CD00AE4C49 = {
						CreatedOnToolsVersion = 8.1;
						ProvisioningStyle = Automatic;
						TestTargetID = 66B17DF61DCB11CD00AE4C49;
					};
				};
			};
			buildConfigurationList = 66B17DF21DCB11CD00AE4C49 /* Build configuration list for PBXProject "RunApp" */;
			compatibilityVersion = "Xcode 3.2";
			developmentRegion = English;
			hasScannedForEncodings = 0;
			knownRegions = (
				en,
				Base,
			);
			mainGroup = 66B17DEE1DCB11CD00AE4C49;
			productRefGroup = 66B17DF81DCB11CD00AE4C49 /* Products */;
			projectDirPath = "";
			projectRoot = "";
			targets = (
				66B17DF61DCB11CD00AE4C49 /* RunApp */,
				66B17E0F1DCB11CD00AE4C49 /* RunAppTests */,
				66B17E1A1DCB11CD00AE4C49 /* RunAppUITests */,
			);
		};
/* End PBXProject section */

/* Begin PBXResourcesBuildPhase section */
		66B17DF51DCB11CD00AE4C49 /* Resources */ = {
			isa = PBXResourcesBuildPhase;
			buildActionMask = 2147483647;
			files = (
				66B17E0A1DCB11CD00AE4C49 /* LaunchScreen.storyboard in Resources */,
				66B17E071DCB11CD00AE4C49 /* Assets.xcassets in Resources */,
				66162E231DD9B898002AEC37 /* RUNHistoryTableViewCell.xib in Resources */,
				66B17E051DCB11CD00AE4C49 /* Main.storyboard in Resources */,
				66162E341DD9D6C5002AEC37 /* RUNFAQTableViewCell.xib in Resources */,
				66162E551DDA031D002AEC37 /* RunUserTableViewCell.xib in Resources */,
				66162E2C1DD9C18C002AEC37 /* RUNSettingTableViewCell.xib in Resources */,
			);
			runOnlyForDeploymentPostprocessing = 0;
		};
		66B17E0E1DCB11CD00AE4C49 /* Resources */ = {
			isa = PBXResourcesBuildPhase;
			buildActionMask = 2147483647;
			files = (
			);
			runOnlyForDeploymentPostprocessing = 0;
		};
		66B17E191DCB11CD00AE4C49 /* Resources */ = {
			isa = PBXResourcesBuildPhase;
			buildActionMask = 2147483647;
			files = (
			);
			runOnlyForDeploymentPostprocessing = 0;
		};
/* End PBXResourcesBuildPhase section */

/* Begin PBXShellScriptBuildPhase section */
		3FC37E2E935E09DE4FE6B61C /* Embed Pods Frameworks */ = {
			isa = PBXShellScriptBuildPhase;
			buildActionMask = 2147483647;
			files = (
			);
			inputPaths = (
			);
			name = "Embed Pods Frameworks";
			outputPaths = (
			);
			runOnlyForDeploymentPostprocessing = 0;
			shellPath = /bin/sh;
			shellScript = "\"${SRCROOT}/Pods/Target Support Files/Pods-RunApp/Pods-RunApp-frameworks.sh\"\n";
			showEnvVarsInLog = 0;
		};
		B7573014CEDEF85E8670A0C4 /* Check Pods Manifest.lock */ = {
			isa = PBXShellScriptBuildPhase;
			buildActionMask = 2147483647;
			files = (
			);
			inputPaths = (
			);
			name = "Check Pods Manifest.lock";
			outputPaths = (
			);
			runOnlyForDeploymentPostprocessing = 0;
			shellPath = /bin/sh;
			shellScript = "diff \"${PODS_ROOT}/../Podfile.lock\" \"${PODS_ROOT}/Manifest.lock\" > /dev/null\nif [[ $? != 0 ]] ; then\n    cat << EOM\nerror: The sandbox is not in sync with the Podfile.lock. Run 'pod install' or update your CocoaPods installation.\nEOM\n    exit 1\nfi\n";
			showEnvVarsInLog = 0;
		};
		D4D6BDBF5D78F69668F611E6 /* Copy Pods Resources */ = {
			isa = PBXShellScriptBuildPhase;
			buildActionMask = 2147483647;
			files = (
			);
			inputPaths = (
			);
			name = "Copy Pods Resources";
			outputPaths = (
			);
			runOnlyForDeploymentPostprocessing = 0;
			shellPath = /bin/sh;
			shellScript = "\"${SRCROOT}/Pods/Target Support Files/Pods-RunApp/Pods-RunApp-resources.sh\"\n";
			showEnvVarsInLog = 0;
		};
/* End PBXShellScriptBuildPhase section */

/* Begin PBXSourcesBuildPhase section */
		66B17DF31DCB11CD00AE4C49 /* Sources */ = {
			isa = PBXSourcesBuildPhase;
			buildActionMask = 2147483647;
			files = (
				66162E5F1DDB28C5002AEC37 /* RUNChildViewController.m in Sources */,
				66162E331DD9D6C5002AEC37 /* RUNFAQTableViewCell.m in Sources */,
				66085E4C1DD0939200F3E867 /* RUNCircleView.m in Sources */,
				66085E501DD0DA1700F3E867 /* RUNTextView.m in Sources */,
				66162E541DDA031D002AEC37 /* RunUserTableViewCell.m in Sources */,
				66162DFF1DD82449002AEC37 /* RUNCalendarView.m in Sources */,
				66162D921DD489A6002AEC37 /* YXLColumChart.m in Sources */,
				66162E591DDA15A9002AEC37 /* RUNPickViewController.m in Sources */,
				66162E651DDC6740002AEC37 /* RUNAllDataViewController.m in Sources */,
				66162D9A1DD6309C002AEC37 /* RUNMapViewController.m in Sources */,
				66085E461DD079F500F3E867 /* RUNAnalazyViewController.m in Sources */,
				66085DC31DCF3C0F00F3E867 /* RUNNavigationViewController.m in Sources */,
				66162E0F1DD88DC6002AEC37 /* RUNUserEditViewController.m in Sources */,
				66085DBB1DCF3A6D00F3E867 /* RUNViewController.m in Sources */,
				66085DC61DCF3C2500F3E867 /* RUNTabBarViewController.m in Sources */,
				66162D971DD63063002AEC37 /* RUNShareViewController.m in Sources */,
				66162E5C1DDA942D002AEC37 /* RUNUserModel.m in Sources */,
				66085E351DD075F500F3E867 /* RUNHomeViewController.m in Sources */,
				66162DEE1DD72646002AEC37 /* RUNCalendarViewController.m in Sources */,
				66162D901DD489A6002AEC37 /* YXLBaseChart.m in Sources */,
				66162DA31DD633F6002AEC37 /* RUNFuncViewController.m in Sources */,
				66162E021DD832FD002AEC37 /* RUNCalendarCollectionViewCell.m in Sources */,
				66162E261DD9BE25002AEC37 /* RUNHistoryMapViewController.m in Sources */,
				66162E051DD84EC6002AEC37 /* RUNUserHeadView.m in Sources */,
				66085E491DD07A0700F3E867 /* RUNUserViewController.m in Sources */,
				66085DBA1DCF3A6D00F3E867 /* RUNAppDelegate.m in Sources */,
				66162E151DD88DDE002AEC37 /* RUNHistoryViewController.m in Sources */,
				66162E121DD88DD5002AEC37 /* RUNLockViewController.m in Sources */,
				66162E371DD9D728002AEC37 /* RUNFeedBackViewController.m in Sources */,
				66B17DFC1DCB11CD00AE4C49 /* main.m in Sources */,
				66162E2F1DD9D673002AEC37 /* RUNFAQViewController.m in Sources */,
				66162E081DD87DB5002AEC37 /* RUNButton.m in Sources */,
				66162E2B1DD9C18C002AEC37 /* RUNSettingTableViewCell.m in Sources */,
				66162E181DD88DE8002AEC37 /* RUNSettingViewController.m in Sources */,
				66162D931DD489A6002AEC37 /* YXLLineChart.m in Sources */,
				66162D911DD489A6002AEC37 /* YXLChartsFactory.m in Sources */,
				66162E221DD9B898002AEC37 /* RUNHistoryTableViewCell.m in Sources */,
				66162DFC1DD7294C002AEC37 /* RUNTransitionAnimation.m in Sources */,
			);
			runOnlyForDeploymentPostprocessing = 0;
		};
		66B17E0C1DCB11CD00AE4C49 /* Sources */ = {
			isa = PBXSourcesBuildPhase;
			buildActionMask = 2147483647;
			files = (
				66B17E151DCB11CD00AE4C49 /* RunAppTests.m in Sources */,
			);
			runOnlyForDeploymentPostprocessing = 0;
		};
		66B17E171DCB11CD00AE4C49 /* Sources */ = {
			isa = PBXSourcesBuildPhase;
			buildActionMask = 2147483647;
			files = (
				66B17E201DCB11CD00AE4C49 /* RunAppUITests.m in Sources */,
			);
			runOnlyForDeploymentPostprocessing = 0;
		};
/* End PBXSourcesBuildPhase section */

/* Begin PBXTargetDependency section */
		66B17E121DCB11CD00AE4C49 /* PBXTargetDependency */ = {
			isa = PBXTargetDependency;
			target = 66B17DF61DCB11CD00AE4C49 /* RunApp */;
			targetProxy = 66B17E111DCB11CD00AE4C49 /* PBXContainerItemProxy */;
		};
		66B17E1D1DCB11CD00AE4C49 /* PBXTargetDependency */ = {
			isa = PBXTargetDependency;
			target = 66B17DF61DCB11CD00AE4C49 /* RunApp */;
			targetProxy = 66B17E1C1DCB11CD00AE4C49 /* PBXContainerItemProxy */;
		};
/* End PBXTargetDependency section */

/* Begin PBXVariantGroup section */
		66B17E031DCB11CD00AE4C49 /* Main.storyboard */ = {
			isa = PBXVariantGroup;
			children = (
				66B17E041DCB11CD00AE4C49 /* Base */,
			);
			name = Main.storyboard;
			sourceTree = "<group>";
		};
		66B17E081DCB11CD00AE4C49 /* LaunchScreen.storyboard */ = {
			isa = PBXVariantGroup;
			children = (
				66B17E091DCB11CD00AE4C49 /* Base */,
			);
			name = LaunchScreen.storyboard;
			sourceTree = "<group>";
		};
/* End PBXVariantGroup section */

/* Begin XCBuildConfiguration section */
		66B17E221DCB11CD00AE4C49 /* Debug */ = {
			isa = XCBuildConfiguration;
			buildSettings = {
				ALWAYS_SEARCH_USER_PATHS = NO;
				CLANG_ANALYZER_NONNULL = YES;
				CLANG_CXX_LANGUAGE_STANDARD = "gnu++0x";
				CLANG_CXX_LIBRARY = "libc++";
				CLANG_ENABLE_MODULES = YES;
				CLANG_ENABLE_OBJC_ARC = YES;
				CLANG_WARN_BOOL_CONVERSION = YES;
				CLANG_WARN_CONSTANT_CONVERSION = YES;
				CLANG_WARN_DIRECT_OBJC_ISA_USAGE = YES_ERROR;
				CLANG_WARN_DOCUMENTATION_COMMENTS = YES;
				CLANG_WARN_EMPTY_BODY = YES;
				CLANG_WARN_ENUM_CONVERSION = YES;
				CLANG_WARN_INFINITE_RECURSION = YES;
				CLANG_WARN_INT_CONVERSION = YES;
				CLANG_WARN_OBJC_ROOT_CLASS = YES_ERROR;
				CLANG_WARN_SUSPICIOUS_MOVE = YES;
				CLANG_WARN_SUSPICIOUS_MOVES = YES;
				CLANG_WARN_UNREACHABLE_CODE = YES;
				CLANG_WARN__DUPLICATE_METHOD_MATCH = YES;
				"CODE_SIGN_IDENTITY[sdk=iphoneos*]" = "iPhone Developer";
				COPY_PHASE_STRIP = NO;
				DEBUG_INFORMATION_FORMAT = dwarf;
				ENABLE_STRICT_OBJC_MSGSEND = YES;
				ENABLE_TESTABILITY = YES;
				GCC_C_LANGUAGE_STANDARD = gnu99;
				GCC_DYNAMIC_NO_PIC = NO;
				GCC_NO_COMMON_BLOCKS = YES;
				GCC_OPTIMIZATION_LEVEL = 0;
				GCC_PREPROCESSOR_DEFINITIONS = (
					"DEBUG=1",
					"$(inherited)",
				);
				GCC_WARN_64_TO_32_BIT_CONVERSION = YES;
				GCC_WARN_ABOUT_RETURN_TYPE = YES_ERROR;
				GCC_WARN_UNDECLARED_SELECTOR = YES;
				GCC_WARN_UNINITIALIZED_AUTOS = YES_AGGRESSIVE;
				GCC_WARN_UNUSED_FUNCTION = YES;
				GCC_WARN_UNUSED_VARIABLE = YES;
				IPHONEOS_DEPLOYMENT_TARGET = 10.1;
				MTL_ENABLE_DEBUG_INFO = YES;
				ONLY_ACTIVE_ARCH = YES;
				SDKROOT = iphoneos;
				TARGETED_DEVICE_FAMILY = "1,2";
			};
			name = Debug;
		};
		66B17E231DCB11CD00AE4C49 /* Release */ = {
			isa = XCBuildConfiguration;
			buildSettings = {
				ALWAYS_SEARCH_USER_PATHS = NO;
				CLANG_ANALYZER_NONNULL = YES;
				CLANG_CXX_LANGUAGE_STANDARD = "gnu++0x";
				CLANG_CXX_LIBRARY = "libc++";
				CLANG_ENABLE_MODULES = YES;
				CLANG_ENABLE_OBJC_ARC = YES;
				CLANG_WARN_BOOL_CONVERSION = YES;
				CLANG_WARN_CONSTANT_CONVERSION = YES;
				CLANG_WARN_DIRECT_OBJC_ISA_USAGE = YES_ERROR;
				CLANG_WARN_DOCUMENTATION_COMMENTS = YES;
				CLANG_WARN_EMPTY_BODY = YES;
				CLANG_WARN_ENUM_CONVERSION = YES;
				CLANG_WARN_INFINITE_RECURSION = YES;
				CLANG_WARN_INT_CONVERSION = YES;
				CLANG_WARN_OBJC_ROOT_CLASS = YES_ERROR;
				CLANG_WARN_SUSPICIOUS_MOVE = YES;
				CLANG_WARN_SUSPICIOUS_MOVES = YES;
				CLANG_WARN_UNREACHABLE_CODE = YES;
				CLANG_WARN__DUPLICATE_METHOD_MATCH = YES;
				"CODE_SIGN_IDENTITY[sdk=iphoneos*]" = "iPhone Developer";
				COPY_PHASE_STRIP = NO;
				DEBUG_INFORMATION_FORMAT = "dwarf-with-dsym";
				ENABLE_NS_ASSERTIONS = NO;
				ENABLE_STRICT_OBJC_MSGSEND = YES;
				GCC_C_LANGUAGE_STANDARD = gnu99;
				GCC_NO_COMMON_BLOCKS = YES;
				GCC_WARN_64_TO_32_BIT_CONVERSION = YES;
				GCC_WARN_ABOUT_RETURN_TYPE = YES_ERROR;
				GCC_WARN_UNDECLARED_SELECTOR = YES;
				GCC_WARN_UNINITIALIZED_AUTOS = YES_AGGRESSIVE;
				GCC_WARN_UNUSED_FUNCTION = YES;
				GCC_WARN_UNUSED_VARIABLE = YES;
				IPHONEOS_DEPLOYMENT_TARGET = 10.1;
				MTL_ENABLE_DEBUG_INFO = NO;
				SDKROOT = iphoneos;
				TARGETED_DEVICE_FAMILY = "1,2";
				VALIDATE_PRODUCT = YES;
			};
			name = Release;
		};
		66B17E251DCB11CD00AE4C49 /* Debug */ = {
			isa = XCBuildConfiguration;
			baseConfigurationReference = 1E338C058CE596B899BF95FF /* Pods-RunApp.debug.xcconfig */;
			buildSettings = {
				ASSETCATALOG_COMPILER_APPICON_NAME = AppIcon;
				CODE_SIGN_ENTITLEMENTS = RunApp/RunApp.entitlements;
				DEVELOPMENT_TEAM = UHCLK74DHB;
				GCC_PREFIX_HEADER = RunApp/RunHeader.pch;
				INFOPLIST_FILE = RunApp/Info.plist;
				IPHONEOS_DEPLOYMENT_TARGET = 8.0;
				LD_RUNPATH_SEARCH_PATHS = "$(inherited) @executable_path/Frameworks";
				PRODUCT_BUNDLE_IDENTIFIER = tang.RunApp;
				PRODUCT_NAME = "$(TARGET_NAME)";
				USER_HEADER_SEARCH_PATHS = "$(PODS_ROOT)/**";
			};
			name = Debug;
		};
		66B17E261DCB11CD00AE4C49 /* Release */ = {
			isa = XCBuildConfiguration;
			baseConfigurationReference = 6C9B1A89F85AE1870431A140 /* Pods-RunApp.release.xcconfig */;
			buildSettings = {
				ASSETCATALOG_COMPILER_APPICON_NAME = AppIcon;
				CODE_SIGN_ENTITLEMENTS = RunApp/RunApp.entitlements;
				DEVELOPMENT_TEAM = UHCLK74DHB;
				GCC_PREFIX_HEADER = RunApp/RunHeader.pch;
				INFOPLIST_FILE = RunApp/Info.plist;
				IPHONEOS_DEPLOYMENT_TARGET = 8.0;
				LD_RUNPATH_SEARCH_PATHS = "$(inherited) @executable_path/Frameworks";
				PRODUCT_BUNDLE_IDENTIFIER = tang.RunApp;
				PRODUCT_NAME = "$(TARGET_NAME)";
				USER_HEADER_SEARCH_PATHS = "$(PODS_ROOT)/**";
			};
			name = Release;
		};
		66B17E281DCB11CD00AE4C49 /* Debug */ = {
			isa = XCBuildConfiguration;
			buildSettings = {
				BUNDLE_LOADER = "$(TEST_HOST)";
				INFOPLIST_FILE = RunAppTests/Info.plist;
				LD_RUNPATH_SEARCH_PATHS = "$(inherited) @executable_path/Frameworks @loader_path/Frameworks";
				PRODUCT_BUNDLE_IDENTIFIER = tang.RunAppTests;
				PRODUCT_NAME = "$(TARGET_NAME)";
				TEST_HOST = "$(BUILT_PRODUCTS_DIR)/RunApp.app/RunApp";
			};
			name = Debug;
		};
		66B17E291DCB11CD00AE4C49 /* Release */ = {
			isa = XCBuildConfiguration;
			buildSettings = {
				BUNDLE_LOADER = "$(TEST_HOST)";
				INFOPLIST_FILE = RunAppTests/Info.plist;
				LD_RUNPATH_SEARCH_PATHS = "$(inherited) @executable_path/Frameworks @loader_path/Frameworks";
				PRODUCT_BUNDLE_IDENTIFIER = tang.RunAppTests;
				PRODUCT_NAME = "$(TARGET_NAME)";
				TEST_HOST = "$(BUILT_PRODUCTS_DIR)/RunApp.app/RunApp";
			};
			name = Release;
		};
		66B17E2B1DCB11CD00AE4C49 /* Debug */ = {
			isa = XCBuildConfiguration;
			buildSettings = {
				INFOPLIST_FILE = RunAppUITests/Info.plist;
				LD_RUNPATH_SEARCH_PATHS = "$(inherited) @executable_path/Frameworks @loader_path/Frameworks";
				PRODUCT_BUNDLE_IDENTIFIER = tang.RunAppUITests;
				PRODUCT_NAME = "$(TARGET_NAME)";
				TEST_TARGET_NAME = RunApp;
			};
			name = Debug;
		};
		66B17E2C1DCB11CD00AE4C49 /* Release */ = {
			isa = XCBuildConfiguration;
			buildSettings = {
				INFOPLIST_FILE = RunAppUITests/Info.plist;
				LD_RUNPATH_SEARCH_PATHS = "$(inherited) @executable_path/Frameworks @loader_path/Frameworks";
				PRODUCT_BUNDLE_IDENTIFIER = tang.RunAppUITests;
				PRODUCT_NAME = "$(TARGET_NAME)";
				TEST_TARGET_NAME = RunApp;
			};
			name = Release;
		};
/* End XCBuildConfiguration section */

/* Begin XCConfigurationList section */
		66B17DF21DCB11CD00AE4C49 /* Build configuration list for PBXProject "RunApp" */ = {
			isa = XCConfigurationList;
			buildConfigurations = (
				66B17E221DCB11CD00AE4C49 /* Debug */,
				66B17E231DCB11CD00AE4C49 /* Release */,
			);
			defaultConfigurationIsVisible = 0;
			defaultConfigurationName = Release;
		};
		66B17E241DCB11CD00AE4C49 /* Build configuration list for PBXNativeTarget "RunApp" */ = {
			isa = XCConfigurationList;
			buildConfigurations = (
				66B17E251DCB11CD00AE4C49 /* Debug */,
				66B17E261DCB11CD00AE4C49 /* Release */,
			);
			defaultConfigurationIsVisible = 0;
			defaultConfigurationName = Release;
		};
		66B17E271DCB11CD00AE4C49 /* Build configuration list for PBXNativeTarget "RunAppTests" */ = {
			isa = XCConfigurationList;
			buildConfigurations = (
				66B17E281DCB11CD00AE4C49 /* Debug */,
				66B17E291DCB11CD00AE4C49 /* Release */,
			);
			defaultConfigurationIsVisible = 0;
			defaultConfigurationName = Release;
		};
		66B17E2A1DCB11CD00AE4C49 /* Build configuration list for PBXNativeTarget "RunAppUITests" */ = {
			isa = XCConfigurationList;
			buildConfigurations = (
				66B17E2B1DCB11CD00AE4C49 /* Debug */,
				66B17E2C1DCB11CD00AE4C49 /* Release */,
			);
			defaultConfigurationIsVisible = 0;
			defaultConfigurationName = Release;
		};
/* End XCConfigurationList section */
	};
	rootObject = 66B17DEF1DCB11CD00AE4C49 /* Project object */;
}
